// !$*UTF8*$!
{
	archiveVersion = 1;
	classes = {
	};
	objectVersion = 56;
	objects = {

/* Begin PBXBuildFile section */
		EC06901629A61A76004513A4 /* ProfileViewController.swift in Sources */ = {isa = PBXBuildFile; fileRef = EC9720DB299855C80090FE5A /* ProfileViewController.swift */; };
		EC06901729A61A87004513A4 /* FeedViewController.swift in Sources */ = {isa = PBXBuildFile; fileRef = EC9720D9299855A80090FE5A /* FeedViewController.swift */; };
		EC06901929A61AB6004513A4 /* PostViewController.swift in Sources */ = {isa = PBXBuildFile; fileRef = EC9720DD299855F20090FE5A /* PostViewController.swift */; };
		EC06901A29A61AC5004513A4 /* InfoViewController.swift in Sources */ = {isa = PBXBuildFile; fileRef = EC9720DF299856190090FE5A /* InfoViewController.swift */; };
		EC06901C29A6B0CB004513A4 /* LogInViewController.swift in Sources */ = {isa = PBXBuildFile; fileRef = EC06901B29A6B0CB004513A4 /* LogInViewController.swift */; };
		EC12423329FCF78600F74818 /* MainCoordinator.swift in Sources */ = {isa = PBXBuildFile; fileRef = EC12423229FCF78600F74818 /* MainCoordinator.swift */; };
		EC12423529FCF7B500F74818 /* CoordinatorProtocol.swift in Sources */ = {isa = PBXBuildFile; fileRef = EC12423429FCF7B500F74818 /* CoordinatorProtocol.swift */; };
		EC12424129FCFCC000F74818 /* Module.swift in Sources */ = {isa = PBXBuildFile; fileRef = EC12424029FCFCC000F74818 /* Module.swift */; };
		EC12424729FD049000F74818 /* AppFactory.swift in Sources */ = {isa = PBXBuildFile; fileRef = EC12424629FD049000F74818 /* AppFactory.swift */; };
		EC12424929FD0B3D00F74818 /* UserServiceProtocol.swift in Sources */ = {isa = PBXBuildFile; fileRef = EC12424829FD0B3D00F74818 /* UserServiceProtocol.swift */; };
		EC12424B29FD0F3900F74818 /* ProfileCoordinator.swift in Sources */ = {isa = PBXBuildFile; fileRef = EC12424A29FD0F3900F74818 /* ProfileCoordinator.swift */; };
		EC12424E29FDB06F00F74818 /* FeedCoordinator.swift in Sources */ = {isa = PBXBuildFile; fileRef = EC12424D29FDB06F00F74818 /* FeedCoordinator.swift */; };
		EC12425229FDBCEA00F74818 /* ProfileHeaderView.swift in Sources */ = {isa = PBXBuildFile; fileRef = EC12423A29FCF9E400F74818 /* ProfileHeaderView.swift */; };
		EC193DA72A0EA26D0056F46D /* String+printableReplace.swift in Sources */ = {isa = PBXBuildFile; fileRef = EC193DA62A0EA26D0056F46D /* String+printableReplace.swift */; };
		EC1FF4DD29984F30007A589E /* AppDelegate.swift in Sources */ = {isa = PBXBuildFile; fileRef = EC1FF4DC29984F30007A589E /* AppDelegate.swift */; };
		EC1FF4DF29984F30007A589E /* SceneDelegate.swift in Sources */ = {isa = PBXBuildFile; fileRef = EC1FF4DE29984F30007A589E /* SceneDelegate.swift */; };
		EC1FF4E129984F30007A589E /* MainTabBarController.swift in Sources */ = {isa = PBXBuildFile; fileRef = EC1FF4E029984F30007A589E /* MainTabBarController.swift */; };
		EC1FF4E629984F31007A589E /* Assets.xcassets in Resources */ = {isa = PBXBuildFile; fileRef = EC1FF4E529984F31007A589E /* Assets.xcassets */; };
		EC1FF4E929984F31007A589E /* LaunchScreen.storyboard in Resources */ = {isa = PBXBuildFile; fileRef = EC1FF4E729984F31007A589E /* LaunchScreen.storyboard */; };
		EC22BF4429F69D1C0024E0B4 /* FeedModel.swift in Sources */ = {isa = PBXBuildFile; fileRef = EC22BF4329F69D1C0024E0B4 /* FeedModel.swift */; };
		EC22BF4829F808AF0024E0B4 /* ProfileViewModel.swift in Sources */ = {isa = PBXBuildFile; fileRef = EC22BF4729F808AF0024E0B4 /* ProfileViewModel.swift */; };
		EC2799B629EA950C008E949B /* Checker.swift in Sources */ = {isa = PBXBuildFile; fileRef = EC2799B529EA950C008E949B /* Checker.swift */; };
		EC2799B829EA9744008E949B /* LoginInspector.swift in Sources */ = {isa = PBXBuildFile; fileRef = EC2799B729EA9744008E949B /* LoginInspector.swift */; };
		EC29695329FE4D1B00A18986 /* UINavigationController+RootVC.swift in Sources */ = {isa = PBXBuildFile; fileRef = EC29695229FE4D1B00A18986 /* UINavigationController+RootVC.swift */; };
		EC2DA9B629E94A0A002149CF /* User.swift in Sources */ = {isa = PBXBuildFile; fileRef = EC2DA9B529E94A0A002149CF /* User.swift */; };
		EC2DA9BA29E96C60002149CF /* UsersStore.swift in Sources */ = {isa = PBXBuildFile; fileRef = EC2DA9B929E96C60002149CF /* UsersStore.swift */; };
		EC4F7C69299FAC48006EFAE1 /* CustomButton.swift in Sources */ = {isa = PBXBuildFile; fileRef = EC4F7C68299FAC48006EFAE1 /* CustomButton.swift */; };
		EC650C4729DB55BE00BF938E /* StorageService.h in Headers */ = {isa = PBXBuildFile; fileRef = EC650C4629DB55BE00BF938E /* StorageService.h */; settings = {ATTRIBUTES = (Public, ); }; };
		EC650C4A29DB55BE00BF938E /* StorageService.framework in Frameworks */ = {isa = PBXBuildFile; fileRef = EC650C4429DB55BE00BF938E /* StorageService.framework */; };
		EC650C4B29DB55BE00BF938E /* StorageService.framework in Embed Frameworks */ = {isa = PBXBuildFile; fileRef = EC650C4429DB55BE00BF938E /* StorageService.framework */; settings = {ATTRIBUTES = (CodeSignOnCopy, RemoveHeadersOnCopy, ); }; };
		EC650C5029DB55C900BF938E /* Post.swift in Sources */ = {isa = PBXBuildFile; fileRef = EC9720E12998565E0090FE5A /* Post.swift */; };
		EC69DEBF2A24A9F00096D9CE /* AudioFileModel.swift in Sources */ = {isa = PBXBuildFile; fileRef = EC69DEBE2A24A9F00096D9CE /* AudioFileModel.swift */; };
		EC69DEC32A25DABE0096D9CE /* RecorderView.swift in Sources */ = {isa = PBXBuildFile; fileRef = EC69DEC22A25DABE0096D9CE /* RecorderView.swift */; };
		EC69DEC52A25DFE10096D9CE /* RecorderViewModel.swift in Sources */ = {isa = PBXBuildFile; fileRef = EC69DEC42A25DFE10096D9CE /* RecorderViewModel.swift */; };
		EC69DECF2A28D7C60096D9CE /* photoalbum.mp3 in Resources */ = {isa = PBXBuildFile; fileRef = EC69DECA2A28D7C50096D9CE /* photoalbum.mp3 */; };
		EC69DED02A28D7C60096D9CE /* allthat.mp3 in Resources */ = {isa = PBXBuildFile; fileRef = EC69DECB2A28D7C50096D9CE /* allthat.mp3 */; };
		EC69DED12A28D7C60096D9CE /* jazzyfrenchy.mp3 in Resources */ = {isa = PBXBuildFile; fileRef = EC69DECC2A28D7C50096D9CE /* jazzyfrenchy.mp3 */; };
		EC69DED22A28D7C60096D9CE /* creativeminds.mp3 in Resources */ = {isa = PBXBuildFile; fileRef = EC69DECD2A28D7C50096D9CE /* creativeminds.mp3 */; };
		EC69DED32A28D7C60096D9CE /* dreams.mp3 in Resources */ = {isa = PBXBuildFile; fileRef = EC69DECE2A28D7C60096D9CE /* dreams.mp3 */; };
		EC7F04732A22857100C167F0 /* MediaCoordinator.swift in Sources */ = {isa = PBXBuildFile; fileRef = EC7F04722A22857100C167F0 /* MediaCoordinator.swift */; };
		EC7F04782A2286CE00C167F0 /* MediaViewController.swift in Sources */ = {isa = PBXBuildFile; fileRef = EC7F04772A2286CE00C167F0 /* MediaViewController.swift */; };
		EC7F047B2A22A2E300C167F0 /* MusicPlayer.swift in Sources */ = {isa = PBXBuildFile; fileRef = EC7F047A2A22A2E300C167F0 /* MusicPlayer.swift */; };
		EC7F047D2A233DBF00C167F0 /* MusicPlayerViewModel.swift in Sources */ = {isa = PBXBuildFile; fileRef = EC7F047C2A233DBF00C167F0 /* MusicPlayerViewModel.swift */; };
		EC84CED329B5E01C00DDC6A9 /* PhotosViewController.swift in Sources */ = {isa = PBXBuildFile; fileRef = EC84CED229B5E01C00DDC6A9 /* PhotosViewController.swift */; };
		ECAA5CFE29B0AEA600EC2F21 /* UITableViewExtension.swift in Sources */ = {isa = PBXBuildFile; fileRef = ECAA5CFD29B0AEA600EC2F21 /* UITableViewExtension.swift */; };
		ECAA5D0029B0C41D00EC2F21 /* PostTableViewCell.swift in Sources */ = {isa = PBXBuildFile; fileRef = ECAA5CFF29B0C41D00EC2F21 /* PostTableViewCell.swift */; };
		ECAA5D0629B3B0E200EC2F21 /* PhotosTableViewCell.swift in Sources */ = {isa = PBXBuildFile; fileRef = ECAA5D0529B3B0E200EC2F21 /* PhotosTableViewCell.swift */; };
		ECAA5D0829B3B9E800EC2F21 /* Photo.swift in Sources */ = {isa = PBXBuildFile; fileRef = ECAA5D0729B3B9E800EC2F21 /* Photo.swift */; };
		ECB02D7C29B64A00002DD75B /* PhotosCollectionViewCell.swift in Sources */ = {isa = PBXBuildFile; fileRef = ECB02D7B29B64A00002DD75B /* PhotosCollectionViewCell.swift */; };
		ECB80F2C29A6053A00CF1AF1 /* CustomTextField.swift in Sources */ = {isa = PBXBuildFile; fileRef = ECB80F2B29A6053A00CF1AF1 /* CustomTextField.swift */; };
		ECCBCDDB2A16550B00F05304 /* ToastContoller.swift in Sources */ = {isa = PBXBuildFile; fileRef = ECCBCDDA2A16550B00F05304 /* ToastContoller.swift */; };
		ECCBCDDD2A165EE100F05304 /* ToastPresentationController.swift in Sources */ = {isa = PBXBuildFile; fileRef = ECCBCDDC2A165EE100F05304 /* ToastPresentationController.swift */; };
		ECFCC60A29EB4930003C4D4A /* LoginFactory.swift in Sources */ = {isa = PBXBuildFile; fileRef = ECFCC60929EB4930003C4D4A /* LoginFactory.swift */; };
		ECFCC60D29F04DA2003C4D4A /* iOSIntPackage in Frameworks */ = {isa = PBXBuildFile; productRef = ECFCC60C29F04DA2003C4D4A /* iOSIntPackage */; };
		ECFCC60F29F06D67003C4D4A /* UIImageExtension.swift in Sources */ = {isa = PBXBuildFile; fileRef = ECFCC60E29F06D67003C4D4A /* UIImageExtension.swift */; };
/* End PBXBuildFile section */

/* Begin PBXContainerItemProxy section */
		EC650C4829DB55BE00BF938E /* PBXContainerItemProxy */ = {
			isa = PBXContainerItemProxy;
			containerPortal = EC1FF4D129984F30007A589E /* Project object */;
			proxyType = 1;
			remoteGlobalIDString = EC650C4329DB55BE00BF938E;
			remoteInfo = StorageService;
		};
/* End PBXContainerItemProxy section */

/* Begin PBXCopyFilesBuildPhase section */
		EC650C4C29DB55BE00BF938E /* Embed Frameworks */ = {
			isa = PBXCopyFilesBuildPhase;
			buildActionMask = 2147483647;
			dstPath = "";
			dstSubfolderSpec = 10;
			files = (
				EC650C4B29DB55BE00BF938E /* StorageService.framework in Embed Frameworks */,
			);
			name = "Embed Frameworks";
			runOnlyForDeploymentPostprocessing = 0;
		};
/* End PBXCopyFilesBuildPhase section */

/* Begin PBXFileReference section */
		EC06901B29A6B0CB004513A4 /* LogInViewController.swift */ = {isa = PBXFileReference; lastKnownFileType = sourcecode.swift; path = LogInViewController.swift; sourceTree = "<group>"; };
		EC12423229FCF78600F74818 /* MainCoordinator.swift */ = {isa = PBXFileReference; lastKnownFileType = sourcecode.swift; path = MainCoordinator.swift; sourceTree = "<group>"; };
		EC12423429FCF7B500F74818 /* CoordinatorProtocol.swift */ = {isa = PBXFileReference; lastKnownFileType = sourcecode.swift; path = CoordinatorProtocol.swift; sourceTree = "<group>"; };
		EC12423A29FCF9E400F74818 /* ProfileHeaderView.swift */ = {isa = PBXFileReference; lastKnownFileType = sourcecode.swift; path = ProfileHeaderView.swift; sourceTree = "<group>"; };
		EC12424029FCFCC000F74818 /* Module.swift */ = {isa = PBXFileReference; lastKnownFileType = sourcecode.swift; path = Module.swift; sourceTree = "<group>"; };
		EC12424629FD049000F74818 /* AppFactory.swift */ = {isa = PBXFileReference; lastKnownFileType = sourcecode.swift; path = AppFactory.swift; sourceTree = "<group>"; };
		EC12424829FD0B3D00F74818 /* UserServiceProtocol.swift */ = {isa = PBXFileReference; lastKnownFileType = sourcecode.swift; path = UserServiceProtocol.swift; sourceTree = "<group>"; };
		EC12424A29FD0F3900F74818 /* ProfileCoordinator.swift */ = {isa = PBXFileReference; lastKnownFileType = sourcecode.swift; path = ProfileCoordinator.swift; sourceTree = "<group>"; };
		EC12424D29FDB06F00F74818 /* FeedCoordinator.swift */ = {isa = PBXFileReference; lastKnownFileType = sourcecode.swift; path = FeedCoordinator.swift; sourceTree = "<group>"; };
		EC193DA62A0EA26D0056F46D /* String+printableReplace.swift */ = {isa = PBXFileReference; lastKnownFileType = sourcecode.swift; path = "String+printableReplace.swift"; sourceTree = "<group>"; };
		EC1FF4D929984F30007A589E /* Navigation.app */ = {isa = PBXFileReference; explicitFileType = wrapper.application; includeInIndex = 0; path = Navigation.app; sourceTree = BUILT_PRODUCTS_DIR; };
		EC1FF4DC29984F30007A589E /* AppDelegate.swift */ = {isa = PBXFileReference; lastKnownFileType = sourcecode.swift; path = AppDelegate.swift; sourceTree = "<group>"; };
		EC1FF4DE29984F30007A589E /* SceneDelegate.swift */ = {isa = PBXFileReference; lastKnownFileType = sourcecode.swift; path = SceneDelegate.swift; sourceTree = "<group>"; };
		EC1FF4E029984F30007A589E /* MainTabBarController.swift */ = {isa = PBXFileReference; lastKnownFileType = sourcecode.swift; path = MainTabBarController.swift; sourceTree = "<group>"; };
		EC1FF4E529984F31007A589E /* Assets.xcassets */ = {isa = PBXFileReference; lastKnownFileType = folder.assetcatalog; path = Assets.xcassets; sourceTree = "<group>"; };
		EC1FF4E829984F31007A589E /* Base */ = {isa = PBXFileReference; lastKnownFileType = file.storyboard; name = Base; path = Base.lproj/LaunchScreen.storyboard; sourceTree = "<group>"; };
		EC1FF4EA29984F31007A589E /* Info.plist */ = {isa = PBXFileReference; lastKnownFileType = text.plist.xml; path = Info.plist; sourceTree = "<group>"; };
		EC22BF4329F69D1C0024E0B4 /* FeedModel.swift */ = {isa = PBXFileReference; lastKnownFileType = sourcecode.swift; path = FeedModel.swift; sourceTree = "<group>"; };
		EC22BF4729F808AF0024E0B4 /* ProfileViewModel.swift */ = {isa = PBXFileReference; lastKnownFileType = sourcecode.swift; path = ProfileViewModel.swift; sourceTree = "<group>"; };
		EC2799B529EA950C008E949B /* Checker.swift */ = {isa = PBXFileReference; lastKnownFileType = sourcecode.swift; path = Checker.swift; sourceTree = "<group>"; };
		EC2799B729EA9744008E949B /* LoginInspector.swift */ = {isa = PBXFileReference; lastKnownFileType = sourcecode.swift; path = LoginInspector.swift; sourceTree = "<group>"; };
		EC29695229FE4D1B00A18986 /* UINavigationController+RootVC.swift */ = {isa = PBXFileReference; lastKnownFileType = sourcecode.swift; path = "UINavigationController+RootVC.swift"; sourceTree = "<group>"; };
		EC2DA9B529E94A0A002149CF /* User.swift */ = {isa = PBXFileReference; lastKnownFileType = sourcecode.swift; path = User.swift; sourceTree = "<group>"; };
		EC2DA9B929E96C60002149CF /* UsersStore.swift */ = {isa = PBXFileReference; lastKnownFileType = sourcecode.swift; path = UsersStore.swift; sourceTree = "<group>"; };
		EC4F7C68299FAC48006EFAE1 /* CustomButton.swift */ = {isa = PBXFileReference; lastKnownFileType = sourcecode.swift; path = CustomButton.swift; sourceTree = "<group>"; };
		EC650C4429DB55BE00BF938E /* StorageService.framework */ = {isa = PBXFileReference; explicitFileType = wrapper.framework; includeInIndex = 0; path = StorageService.framework; sourceTree = BUILT_PRODUCTS_DIR; };
		EC650C4629DB55BE00BF938E /* StorageService.h */ = {isa = PBXFileReference; lastKnownFileType = sourcecode.c.h; path = StorageService.h; sourceTree = "<group>"; };
		EC69DEB12A23E3B60096D9CE /* README.md */ = {isa = PBXFileReference; lastKnownFileType = net.daringfireball.markdown; path = README.md; sourceTree = "<group>"; };
		EC69DEBE2A24A9F00096D9CE /* AudioFileModel.swift */ = {isa = PBXFileReference; lastKnownFileType = sourcecode.swift; path = AudioFileModel.swift; sourceTree = "<group>"; };
		EC69DEC22A25DABE0096D9CE /* RecorderView.swift */ = {isa = PBXFileReference; lastKnownFileType = sourcecode.swift; path = RecorderView.swift; sourceTree = "<group>"; };
		EC69DEC42A25DFE10096D9CE /* RecorderViewModel.swift */ = {isa = PBXFileReference; lastKnownFileType = sourcecode.swift; path = RecorderViewModel.swift; sourceTree = "<group>"; };
		EC69DECA2A28D7C50096D9CE /* photoalbum.mp3 */ = {isa = PBXFileReference; lastKnownFileType = audio.mp3; path = photoalbum.mp3; sourceTree = "<group>"; };
		EC69DECB2A28D7C50096D9CE /* allthat.mp3 */ = {isa = PBXFileReference; lastKnownFileType = audio.mp3; path = allthat.mp3; sourceTree = "<group>"; };
		EC69DECC2A28D7C50096D9CE /* jazzyfrenchy.mp3 */ = {isa = PBXFileReference; lastKnownFileType = audio.mp3; path = jazzyfrenchy.mp3; sourceTree = "<group>"; };
		EC69DECD2A28D7C50096D9CE /* creativeminds.mp3 */ = {isa = PBXFileReference; lastKnownFileType = audio.mp3; path = creativeminds.mp3; sourceTree = "<group>"; };
		EC69DECE2A28D7C60096D9CE /* dreams.mp3 */ = {isa = PBXFileReference; lastKnownFileType = audio.mp3; path = dreams.mp3; sourceTree = "<group>"; };
		EC7F04722A22857100C167F0 /* MediaCoordinator.swift */ = {isa = PBXFileReference; lastKnownFileType = sourcecode.swift; path = MediaCoordinator.swift; sourceTree = "<group>"; };
		EC7F04772A2286CE00C167F0 /* MediaViewController.swift */ = {isa = PBXFileReference; lastKnownFileType = sourcecode.swift; path = MediaViewController.swift; sourceTree = "<group>"; };
		EC7F047A2A22A2E300C167F0 /* MusicPlayer.swift */ = {isa = PBXFileReference; lastKnownFileType = sourcecode.swift; path = MusicPlayer.swift; sourceTree = "<group>"; };
		EC7F047C2A233DBF00C167F0 /* MusicPlayerViewModel.swift */ = {isa = PBXFileReference; lastKnownFileType = sourcecode.swift; path = MusicPlayerViewModel.swift; sourceTree = "<group>"; };
		EC84CED229B5E01C00DDC6A9 /* PhotosViewController.swift */ = {isa = PBXFileReference; lastKnownFileType = sourcecode.swift; path = PhotosViewController.swift; sourceTree = "<group>"; };
		EC9720D9299855A80090FE5A /* FeedViewController.swift */ = {isa = PBXFileReference; lastKnownFileType = sourcecode.swift; path = FeedViewController.swift; sourceTree = "<group>"; };
		EC9720DB299855C80090FE5A /* ProfileViewController.swift */ = {isa = PBXFileReference; lastKnownFileType = sourcecode.swift; path = ProfileViewController.swift; sourceTree = "<group>"; };
		EC9720DD299855F20090FE5A /* PostViewController.swift */ = {isa = PBXFileReference; lastKnownFileType = sourcecode.swift; path = PostViewController.swift; sourceTree = "<group>"; };
		EC9720DF299856190090FE5A /* InfoViewController.swift */ = {isa = PBXFileReference; lastKnownFileType = sourcecode.swift; path = InfoViewController.swift; sourceTree = "<group>"; };
		EC9720E12998565E0090FE5A /* Post.swift */ = {isa = PBXFileReference; lastKnownFileType = sourcecode.swift; path = Post.swift; sourceTree = "<group>"; };
		ECAA5CFD29B0AEA600EC2F21 /* UITableViewExtension.swift */ = {isa = PBXFileReference; lastKnownFileType = sourcecode.swift; path = UITableViewExtension.swift; sourceTree = "<group>"; };
		ECAA5CFF29B0C41D00EC2F21 /* PostTableViewCell.swift */ = {isa = PBXFileReference; lastKnownFileType = sourcecode.swift; path = PostTableViewCell.swift; sourceTree = "<group>"; };
		ECAA5D0529B3B0E200EC2F21 /* PhotosTableViewCell.swift */ = {isa = PBXFileReference; lastKnownFileType = sourcecode.swift; path = PhotosTableViewCell.swift; sourceTree = "<group>"; };
		ECAA5D0729B3B9E800EC2F21 /* Photo.swift */ = {isa = PBXFileReference; lastKnownFileType = sourcecode.swift; path = Photo.swift; sourceTree = "<group>"; };
		ECB02D7B29B64A00002DD75B /* PhotosCollectionViewCell.swift */ = {isa = PBXFileReference; lastKnownFileType = sourcecode.swift; path = PhotosCollectionViewCell.swift; sourceTree = "<group>"; };
		ECB80F2B29A6053A00CF1AF1 /* CustomTextField.swift */ = {isa = PBXFileReference; lastKnownFileType = sourcecode.swift; path = CustomTextField.swift; sourceTree = "<group>"; };
		ECCBCDDA2A16550B00F05304 /* ToastContoller.swift */ = {isa = PBXFileReference; lastKnownFileType = sourcecode.swift; path = ToastContoller.swift; sourceTree = "<group>"; };
		ECCBCDDC2A165EE100F05304 /* ToastPresentationController.swift */ = {isa = PBXFileReference; lastKnownFileType = sourcecode.swift; path = ToastPresentationController.swift; sourceTree = "<group>"; };
		ECFCC60929EB4930003C4D4A /* LoginFactory.swift */ = {isa = PBXFileReference; lastKnownFileType = sourcecode.swift; path = LoginFactory.swift; sourceTree = "<group>"; };
		ECFCC60E29F06D67003C4D4A /* UIImageExtension.swift */ = {isa = PBXFileReference; lastKnownFileType = sourcecode.swift; path = UIImageExtension.swift; sourceTree = "<group>"; };
/* End PBXFileReference section */

/* Begin PBXFrameworksBuildPhase section */
		EC1FF4D629984F30007A589E /* Frameworks */ = {
			isa = PBXFrameworksBuildPhase;
			buildActionMask = 2147483647;
			files = (
				EC650C4A29DB55BE00BF938E /* StorageService.framework in Frameworks */,
				ECFCC60D29F04DA2003C4D4A /* iOSIntPackage in Frameworks */,
			);
			runOnlyForDeploymentPostprocessing = 0;
		};
		EC650C4129DB55BE00BF938E /* Frameworks */ = {
			isa = PBXFrameworksBuildPhase;
			buildActionMask = 2147483647;
			files = (
			);
			runOnlyForDeploymentPostprocessing = 0;
		};
/* End PBXFrameworksBuildPhase section */

/* Begin PBXGroup section */
		EC12423129FCF77100F74818 /* Coordinators */ = {
			isa = PBXGroup;
			children = (
				EC12423429FCF7B500F74818 /* CoordinatorProtocol.swift */,
				EC12423229FCF78600F74818 /* MainCoordinator.swift */,
				EC12424A29FD0F3900F74818 /* ProfileCoordinator.swift */,
				EC12424D29FDB06F00F74818 /* FeedCoordinator.swift */,
				EC7F04722A22857100C167F0 /* MediaCoordinator.swift */,
			);
			path = Coordinators;
			sourceTree = "<group>";
		};
		EC12423629FCF94D00F74818 /* Modules */ = {
			isa = PBXGroup;
			children = (
				EC7F04762A22868600C167F0 /* Media */,
				EC12423829FCF9AB00F74818 /* Profile */,
				EC12424029FCFCC000F74818 /* Module.swift */,
				EC12423729FCF95500F74818 /* Feed  */,
			);
			path = Modules;
			sourceTree = "<group>";
		};
		EC12423729FCF95500F74818 /* Feed  */ = {
			isa = PBXGroup;
			children = (
				EC12424229FCFCDE00F74818 /* View */,
				EC22BF4329F69D1C0024E0B4 /* FeedModel.swift */,
			);
			path = "Feed ";
			sourceTree = "<group>";
		};
		EC12423829FCF9AB00F74818 /* Profile */ = {
			isa = PBXGroup;
			children = (
				EC12424C29FDAAEE00F74818 /* ProfileView */,
				EC12423F29FCFA5500F74818 /* LoginView */,
			);
			path = Profile;
			sourceTree = "<group>";
		};
		EC12423929FCF9C500F74818 /* View */ = {
			isa = PBXGroup;
			children = (
				EC12423D29FCF9F800F74818 /* Photos */,
				EC9720DB299855C80090FE5A /* ProfileViewController.swift */,
				EC12423A29FCF9E400F74818 /* ProfileHeaderView.swift */,
				EC4F7C68299FAC48006EFAE1 /* CustomButton.swift */,
				ECB80F2B29A6053A00CF1AF1 /* CustomTextField.swift */,
				ECAA5CFF29B0C41D00EC2F21 /* PostTableViewCell.swift */,
				ECAA5D0529B3B0E200EC2F21 /* PhotosTableViewCell.swift */,
				ECCBCDDA2A16550B00F05304 /* ToastContoller.swift */,
				ECCBCDDC2A165EE100F05304 /* ToastPresentationController.swift */,
			);
			path = View;
			sourceTree = "<group>";
		};
		EC12423D29FCF9F800F74818 /* Photos */ = {
			isa = PBXGroup;
			children = (
				EC84CED229B5E01C00DDC6A9 /* PhotosViewController.swift */,
				ECB02D7B29B64A00002DD75B /* PhotosCollectionViewCell.swift */,
			);
			path = Photos;
			sourceTree = "<group>";
		};
		EC12423E29FCFA2500F74818 /* Models */ = {
			isa = PBXGroup;
			children = (
				EC2DA9B529E94A0A002149CF /* User.swift */,
				ECAA5D0729B3B9E800EC2F21 /* Photo.swift */,
				EC12424829FD0B3D00F74818 /* UserServiceProtocol.swift */,
			);
			path = Models;
			sourceTree = "<group>";
		};
		EC12423F29FCFA5500F74818 /* LoginView */ = {
			isa = PBXGroup;
			children = (
				EC2799B529EA950C008E949B /* Checker.swift */,
				ECFCC60929EB4930003C4D4A /* LoginFactory.swift */,
				EC2799B729EA9744008E949B /* LoginInspector.swift */,
				EC06901B29A6B0CB004513A4 /* LogInViewController.swift */,
			);
			path = LoginView;
			sourceTree = "<group>";
		};
		EC12424229FCFCDE00F74818 /* View */ = {
			isa = PBXGroup;
			children = (
				EC9720DF299856190090FE5A /* InfoViewController.swift */,
				EC9720DD299855F20090FE5A /* PostViewController.swift */,
				EC9720D9299855A80090FE5A /* FeedViewController.swift */,
			);
			path = View;
			sourceTree = "<group>";
		};
		EC12424429FCFD8A00F74818 /* Extensions */ = {
			isa = PBXGroup;
			children = (
				ECFCC60E29F06D67003C4D4A /* UIImageExtension.swift */,
				ECAA5CFD29B0AEA600EC2F21 /* UITableViewExtension.swift */,
				EC29695229FE4D1B00A18986 /* UINavigationController+RootVC.swift */,
				EC193DA62A0EA26D0056F46D /* String+printableReplace.swift */,
			);
			path = Extensions;
			sourceTree = "<group>";
		};
		EC12424529FD048300F74818 /* Factory */ = {
			isa = PBXGroup;
			children = (
				EC12424629FD049000F74818 /* AppFactory.swift */,
			);
			path = Factory;
			sourceTree = "<group>";
		};
		EC12424C29FDAAEE00F74818 /* ProfileView */ = {
			isa = PBXGroup;
			children = (
				EC22BF4729F808AF0024E0B4 /* ProfileViewModel.swift */,
				EC12423929FCF9C500F74818 /* View */,
				EC12423E29FCFA2500F74818 /* Models */,
			);
			path = ProfileView;
			sourceTree = "<group>";
		};
		EC1FF4D029984F30007A589E = {
			isa = PBXGroup;
			children = (
				EC1FF4DB29984F30007A589E /* Navigation */,
				EC650C4529DB55BE00BF938E /* StorageService */,
				EC1FF4DA29984F30007A589E /* Products */,
			);
			sourceTree = "<group>";
		};
		EC1FF4DA29984F30007A589E /* Products */ = {
			isa = PBXGroup;
			children = (
				EC1FF4D929984F30007A589E /* Navigation.app */,
				EC650C4429DB55BE00BF938E /* StorageService.framework */,
			);
			name = Products;
			sourceTree = "<group>";
		};
		EC1FF4DB29984F30007A589E /* Navigation */ = {
			isa = PBXGroup;
			children = (
				EC9720D6299855340090FE5A /* App */,
				EC12424429FCFD8A00F74818 /* Extensions */,
				EC9720D7299855430090FE5A /* MainTabBar */,
				EC12423129FCF77100F74818 /* Coordinators */,
				EC12424529FD048300F74818 /* Factory */,
				EC12423629FCF94D00F74818 /* Modules */,
				EC2DA9B429E949FC002149CF /* Models */,
				EC9720D8299855730090FE5A /* Resources */,
				EC1FF4EA29984F31007A589E /* Info.plist */,
			);
			path = Navigation;
			sourceTree = "<group>";
		};
		EC2DA9B429E949FC002149CF /* Models */ = {
			isa = PBXGroup;
			children = (
				EC2DA9B929E96C60002149CF /* UsersStore.swift */,
			);
			path = Models;
			sourceTree = "<group>";
		};
		EC650C4529DB55BE00BF938E /* StorageService */ = {
			isa = PBXGroup;
			children = (
				EC9720E12998565E0090FE5A /* Post.swift */,
				EC650C4629DB55BE00BF938E /* StorageService.h */,
			);
			path = StorageService;
			sourceTree = "<group>";
		};
		EC69DEAE2A23E3900096D9CE /* Music */ = {
			isa = PBXGroup;
			children = (
				EC69DECB2A28D7C50096D9CE /* allthat.mp3 */,
				EC69DECD2A28D7C50096D9CE /* creativeminds.mp3 */,
				EC69DECE2A28D7C60096D9CE /* dreams.mp3 */,
				EC69DECC2A28D7C50096D9CE /* jazzyfrenchy.mp3 */,
				EC69DECA2A28D7C50096D9CE /* photoalbum.mp3 */,
				EC69DEB12A23E3B60096D9CE /* README.md */,
			);
			path = Music;
			sourceTree = "<group>";
		};
		EC69DEC62A25DFE50096D9CE /* ViewModels */ = {
			isa = PBXGroup;
			children = (
				EC7F047C2A233DBF00C167F0 /* MusicPlayerViewModel.swift */,
				EC69DEC42A25DFE10096D9CE /* RecorderViewModel.swift */,
			);
			path = ViewModels;
			sourceTree = "<group>";
		};
		EC69DEC72A2657590096D9CE /* Recordings */ = {
			isa = PBXGroup;
			children = (
			);
			path = Recordings;
			sourceTree = "<group>";
		};
		EC7F04762A22868600C167F0 /* Media */ = {
			isa = PBXGroup;
			children = (
				EC69DEC62A25DFE50096D9CE /* ViewModels */,
				EC7F04792A22A2A500C167F0 /* Views */,
				EC7F04772A2286CE00C167F0 /* MediaViewController.swift */,
				EC69DEBE2A24A9F00096D9CE /* AudioFileModel.swift */,
			);
			path = Media;
			sourceTree = "<group>";
		};
		EC7F04792A22A2A500C167F0 /* Views */ = {
			isa = PBXGroup;
			children = (
				EC7F047A2A22A2E300C167F0 /* MusicPlayer.swift */,
				EC69DEC22A25DABE0096D9CE /* RecorderView.swift */,
			);
			path = Views;
			sourceTree = "<group>";
		};
		EC9720D6299855340090FE5A /* App */ = {
			isa = PBXGroup;
			children = (
				EC1FF4DC29984F30007A589E /* AppDelegate.swift */,
				EC1FF4DE29984F30007A589E /* SceneDelegate.swift */,
			);
			path = App;
			sourceTree = "<group>";
		};
		EC9720D7299855430090FE5A /* MainTabBar */ = {
			isa = PBXGroup;
			children = (
				EC1FF4E029984F30007A589E /* MainTabBarController.swift */,
			);
			path = MainTabBar;
			sourceTree = "<group>";
		};
		EC9720D8299855730090FE5A /* Resources */ = {
			isa = PBXGroup;
			children = (
				EC69DEC72A2657590096D9CE /* Recordings */,
				EC69DEAE2A23E3900096D9CE /* Music */,
				EC1FF4E529984F31007A589E /* Assets.xcassets */,
				EC1FF4E729984F31007A589E /* LaunchScreen.storyboard */,
			);
			path = Resources;
			sourceTree = "<group>";
		};
/* End PBXGroup section */

/* Begin PBXHeadersBuildPhase section */
		EC650C3F29DB55BE00BF938E /* Headers */ = {
			isa = PBXHeadersBuildPhase;
			buildActionMask = 2147483647;
			files = (
				EC650C4729DB55BE00BF938E /* StorageService.h in Headers */,
			);
			runOnlyForDeploymentPostprocessing = 0;
		};
/* End PBXHeadersBuildPhase section */

/* Begin PBXNativeTarget section */
		EC1FF4D829984F30007A589E /* Navigation */ = {
			isa = PBXNativeTarget;
			buildConfigurationList = EC1FF4ED29984F31007A589E /* Build configuration list for PBXNativeTarget "Navigation" */;
			buildPhases = (
				EC1FF4D529984F30007A589E /* Sources */,
				EC1FF4D629984F30007A589E /* Frameworks */,
				EC1FF4D729984F30007A589E /* Resources */,
				EC650C4C29DB55BE00BF938E /* Embed Frameworks */,
			);
			buildRules = (
			);
			dependencies = (
				EC650C4929DB55BE00BF938E /* PBXTargetDependency */,
			);
			name = Navigation;
			packageProductDependencies = (
				ECFCC60C29F04DA2003C4D4A /* iOSIntPackage */,
			);
			productName = Navigation;
			productReference = EC1FF4D929984F30007A589E /* Navigation.app */;
			productType = "com.apple.product-type.application";
		};
		EC650C4329DB55BE00BF938E /* StorageService */ = {
			isa = PBXNativeTarget;
			buildConfigurationList = EC650C4F29DB55BE00BF938E /* Build configuration list for PBXNativeTarget "StorageService" */;
			buildPhases = (
				EC650C3F29DB55BE00BF938E /* Headers */,
				EC650C4029DB55BE00BF938E /* Sources */,
				EC650C4129DB55BE00BF938E /* Frameworks */,
				EC650C4229DB55BE00BF938E /* Resources */,
			);
			buildRules = (
			);
			dependencies = (
			);
			name = StorageService;
			productName = StorageService;
			productReference = EC650C4429DB55BE00BF938E /* StorageService.framework */;
			productType = "com.apple.product-type.framework";
		};
/* End PBXNativeTarget section */

/* Begin PBXProject section */
		EC1FF4D129984F30007A589E /* Project object */ = {
			isa = PBXProject;
			attributes = {
				BuildIndependentTargetsInParallel = 1;
				LastSwiftUpdateCheck = 1420;
				LastUpgradeCheck = 1420;
				TargetAttributes = {
					EC1FF4D829984F30007A589E = {
						CreatedOnToolsVersion = 14.2;
					};
					EC650C4329DB55BE00BF938E = {
						CreatedOnToolsVersion = 14.2;
					};
				};
			};
			buildConfigurationList = EC1FF4D429984F30007A589E /* Build configuration list for PBXProject "Navigation" */;
			compatibilityVersion = "Xcode 14.0";
			developmentRegion = en;
			hasScannedForEncodings = 0;
			knownRegions = (
				en,
				Base,
			);
			mainGroup = EC1FF4D029984F30007A589E;
			packageReferences = (
				ECFCC60B29F04DA2003C4D4A /* XCRemoteSwiftPackageReference "iOSIntPackage" */,
			);
			productRefGroup = EC1FF4DA29984F30007A589E /* Products */;
			projectDirPath = "";
			projectRoot = "";
			targets = (
				EC1FF4D829984F30007A589E /* Navigation */,
				EC650C4329DB55BE00BF938E /* StorageService */,
			);
		};
/* End PBXProject section */

/* Begin PBXResourcesBuildPhase section */
		EC1FF4D729984F30007A589E /* Resources */ = {
			isa = PBXResourcesBuildPhase;
			buildActionMask = 2147483647;
			files = (
				EC69DED12A28D7C60096D9CE /* jazzyfrenchy.mp3 in Resources */,
				EC69DED22A28D7C60096D9CE /* creativeminds.mp3 in Resources */,
				EC69DED32A28D7C60096D9CE /* dreams.mp3 in Resources */,
				EC69DECF2A28D7C60096D9CE /* photoalbum.mp3 in Resources */,
				EC1FF4E929984F31007A589E /* LaunchScreen.storyboard in Resources */,
				EC1FF4E629984F31007A589E /* Assets.xcassets in Resources */,
				EC69DED02A28D7C60096D9CE /* allthat.mp3 in Resources */,
			);
			runOnlyForDeploymentPostprocessing = 0;
		};
		EC650C4229DB55BE00BF938E /* Resources */ = {
			isa = PBXResourcesBuildPhase;
			buildActionMask = 2147483647;
			files = (
			);
			runOnlyForDeploymentPostprocessing = 0;
		};
/* End PBXResourcesBuildPhase section */

/* Begin PBXSourcesBuildPhase section */
		EC1FF4D529984F30007A589E /* Sources */ = {
			isa = PBXSourcesBuildPhase;
			buildActionMask = 2147483647;
			files = (
				EC2799B829EA9744008E949B /* LoginInspector.swift in Sources */,
				EC7F04732A22857100C167F0 /* MediaCoordinator.swift in Sources */,
				ECAA5D0629B3B0E200EC2F21 /* PhotosTableViewCell.swift in Sources */,
				EC29695329FE4D1B00A18986 /* UINavigationController+RootVC.swift in Sources */,
				EC69DEC52A25DFE10096D9CE /* RecorderViewModel.swift in Sources */,
				ECFCC60F29F06D67003C4D4A /* UIImageExtension.swift in Sources */,
				EC2799B629EA950C008E949B /* Checker.swift in Sources */,
				EC1FF4E129984F30007A589E /* MainTabBarController.swift in Sources */,
				EC06901A29A61AC5004513A4 /* InfoViewController.swift in Sources */,
				EC1FF4DD29984F30007A589E /* AppDelegate.swift in Sources */,
				EC12425229FDBCEA00F74818 /* ProfileHeaderView.swift in Sources */,
				EC22BF4429F69D1C0024E0B4 /* FeedModel.swift in Sources */,
				EC69DEBF2A24A9F00096D9CE /* AudioFileModel.swift in Sources */,
				EC12424E29FDB06F00F74818 /* FeedCoordinator.swift in Sources */,
				ECCBCDDB2A16550B00F05304 /* ToastContoller.swift in Sources */,
				ECAA5D0829B3B9E800EC2F21 /* Photo.swift in Sources */,
				ECCBCDDD2A165EE100F05304 /* ToastPresentationController.swift in Sources */,
				EC12424B29FD0F3900F74818 /* ProfileCoordinator.swift in Sources */,
				EC2DA9BA29E96C60002149CF /* UsersStore.swift in Sources */,
				EC4F7C69299FAC48006EFAE1 /* CustomButton.swift in Sources */,
				EC06901929A61AB6004513A4 /* PostViewController.swift in Sources */,
				EC84CED329B5E01C00DDC6A9 /* PhotosViewController.swift in Sources */,
				EC22BF4829F808AF0024E0B4 /* ProfileViewModel.swift in Sources */,
				EC12423529FCF7B500F74818 /* CoordinatorProtocol.swift in Sources */,
				ECAA5CFE29B0AEA600EC2F21 /* UITableViewExtension.swift in Sources */,
				EC193DA72A0EA26D0056F46D /* String+printableReplace.swift in Sources */,
				ECAA5D0029B0C41D00EC2F21 /* PostTableViewCell.swift in Sources */,
				ECFCC60A29EB4930003C4D4A /* LoginFactory.swift in Sources */,
				EC7F047B2A22A2E300C167F0 /* MusicPlayer.swift in Sources */,
				EC06901629A61A76004513A4 /* ProfileViewController.swift in Sources */,
				ECB80F2C29A6053A00CF1AF1 /* CustomTextField.swift in Sources */,
				EC06901C29A6B0CB004513A4 /* LogInViewController.swift in Sources */,
				EC2DA9B629E94A0A002149CF /* User.swift in Sources */,
				EC12424729FD049000F74818 /* AppFactory.swift in Sources */,
				EC69DEC32A25DABE0096D9CE /* RecorderView.swift in Sources */,
				EC06901729A61A87004513A4 /* FeedViewController.swift in Sources */,
				EC12423329FCF78600F74818 /* MainCoordinator.swift in Sources */,
				EC12424929FD0B3D00F74818 /* UserServiceProtocol.swift in Sources */,
				EC7F047D2A233DBF00C167F0 /* MusicPlayerViewModel.swift in Sources */,
				EC12424129FCFCC000F74818 /* Module.swift in Sources */,
				ECB02D7C29B64A00002DD75B /* PhotosCollectionViewCell.swift in Sources */,
				EC1FF4DF29984F30007A589E /* SceneDelegate.swift in Sources */,
				EC7F04782A2286CE00C167F0 /* MediaViewController.swift in Sources */,
			);
			runOnlyForDeploymentPostprocessing = 0;
		};
		EC650C4029DB55BE00BF938E /* Sources */ = {
			isa = PBXSourcesBuildPhase;
			buildActionMask = 2147483647;
			files = (
				EC650C5029DB55C900BF938E /* Post.swift in Sources */,
			);
			runOnlyForDeploymentPostprocessing = 0;
		};
/* End PBXSourcesBuildPhase section */

/* Begin PBXTargetDependency section */
		EC650C4929DB55BE00BF938E /* PBXTargetDependency */ = {
			isa = PBXTargetDependency;
			target = EC650C4329DB55BE00BF938E /* StorageService */;
			targetProxy = EC650C4829DB55BE00BF938E /* PBXContainerItemProxy */;
		};
/* End PBXTargetDependency section */

/* Begin PBXVariantGroup section */
		EC1FF4E729984F31007A589E /* LaunchScreen.storyboard */ = {
			isa = PBXVariantGroup;
			children = (
				EC1FF4E829984F31007A589E /* Base */,
			);
			name = LaunchScreen.storyboard;
			sourceTree = "<group>";
		};
/* End PBXVariantGroup section */

/* Begin XCBuildConfiguration section */
		EC1FF4EB29984F31007A589E /* Debug */ = {
			isa = XCBuildConfiguration;
			buildSettings = {
				ALWAYS_SEARCH_USER_PATHS = NO;
				CLANG_ANALYZER_NONNULL = YES;
				CLANG_ANALYZER_NUMBER_OBJECT_CONVERSION = YES_AGGRESSIVE;
				CLANG_CXX_LANGUAGE_STANDARD = "gnu++20";
				CLANG_ENABLE_MODULES = YES;
				CLANG_ENABLE_OBJC_ARC = YES;
				CLANG_ENABLE_OBJC_WEAK = YES;
				CLANG_WARN_BLOCK_CAPTURE_AUTORELEASING = YES;
				CLANG_WARN_BOOL_CONVERSION = YES;
				CLANG_WARN_COMMA = YES;
				CLANG_WARN_CONSTANT_CONVERSION = YES;
				CLANG_WARN_DEPRECATED_OBJC_IMPLEMENTATIONS = YES;
				CLANG_WARN_DIRECT_OBJC_ISA_USAGE = YES_ERROR;
				CLANG_WARN_DOCUMENTATION_COMMENTS = YES;
				CLANG_WARN_EMPTY_BODY = YES;
				CLANG_WARN_ENUM_CONVERSION = YES;
				CLANG_WARN_INFINITE_RECURSION = YES;
				CLANG_WARN_INT_CONVERSION = YES;
				CLANG_WARN_NON_LITERAL_NULL_CONVERSION = YES;
				CLANG_WARN_OBJC_IMPLICIT_RETAIN_SELF = YES;
				CLANG_WARN_OBJC_LITERAL_CONVERSION = YES;
				CLANG_WARN_OBJC_ROOT_CLASS = YES_ERROR;
				CLANG_WARN_QUOTED_INCLUDE_IN_FRAMEWORK_HEADER = YES;
				CLANG_WARN_RANGE_LOOP_ANALYSIS = YES;
				CLANG_WARN_STRICT_PROTOTYPES = YES;
				CLANG_WARN_SUSPICIOUS_MOVE = YES;
				CLANG_WARN_UNGUARDED_AVAILABILITY = YES_AGGRESSIVE;
				CLANG_WARN_UNREACHABLE_CODE = YES;
				CLANG_WARN__DUPLICATE_METHOD_MATCH = YES;
				COPY_PHASE_STRIP = NO;
				DEBUG_INFORMATION_FORMAT = dwarf;
				ENABLE_STRICT_OBJC_MSGSEND = YES;
				ENABLE_TESTABILITY = YES;
				GCC_C_LANGUAGE_STANDARD = gnu11;
				GCC_DYNAMIC_NO_PIC = NO;
				GCC_NO_COMMON_BLOCKS = YES;
				GCC_OPTIMIZATION_LEVEL = 0;
				GCC_PREPROCESSOR_DEFINITIONS = (
					"DEBUG=1",
					"$(inherited)",
				);
				GCC_WARN_64_TO_32_BIT_CONVERSION = YES;
				GCC_WARN_ABOUT_RETURN_TYPE = YES_ERROR;
				GCC_WARN_UNDECLARED_SELECTOR = YES;
				GCC_WARN_UNINITIALIZED_AUTOS = YES_AGGRESSIVE;
				GCC_WARN_UNUSED_FUNCTION = YES;
				GCC_WARN_UNUSED_VARIABLE = YES;
				IPHONEOS_DEPLOYMENT_TARGET = 16.2;
				MTL_ENABLE_DEBUG_INFO = INCLUDE_SOURCE;
				MTL_FAST_MATH = YES;
				ONLY_ACTIVE_ARCH = YES;
				SDKROOT = iphoneos;
				SWIFT_ACTIVE_COMPILATION_CONDITIONS = DEBUG;
				SWIFT_OPTIMIZATION_LEVEL = "-Onone";
			};
			name = Debug;
		};
		EC1FF4EC29984F31007A589E /* Release */ = {
			isa = XCBuildConfiguration;
			buildSettings = {
				ALWAYS_SEARCH_USER_PATHS = NO;
				CLANG_ANALYZER_NONNULL = YES;
				CLANG_ANALYZER_NUMBER_OBJECT_CONVERSION = YES_AGGRESSIVE;
				CLANG_CXX_LANGUAGE_STANDARD = "gnu++20";
				CLANG_ENABLE_MODULES = YES;
				CLANG_ENABLE_OBJC_ARC = YES;
				CLANG_ENABLE_OBJC_WEAK = YES;
				CLANG_WARN_BLOCK_CAPTURE_AUTORELEASING = YES;
				CLANG_WARN_BOOL_CONVERSION = YES;
				CLANG_WARN_COMMA = YES;
				CLANG_WARN_CONSTANT_CONVERSION = YES;
				CLANG_WARN_DEPRECATED_OBJC_IMPLEMENTATIONS = YES;
				CLANG_WARN_DIRECT_OBJC_ISA_USAGE = YES_ERROR;
				CLANG_WARN_DOCUMENTATION_COMMENTS = YES;
				CLANG_WARN_EMPTY_BODY = YES;
				CLANG_WARN_ENUM_CONVERSION = YES;
				CLANG_WARN_INFINITE_RECURSION = YES;
				CLANG_WARN_INT_CONVERSION = YES;
				CLANG_WARN_NON_LITERAL_NULL_CONVERSION = YES;
				CLANG_WARN_OBJC_IMPLICIT_RETAIN_SELF = YES;
				CLANG_WARN_OBJC_LITERAL_CONVERSION = YES;
				CLANG_WARN_OBJC_ROOT_CLASS = YES_ERROR;
				CLANG_WARN_QUOTED_INCLUDE_IN_FRAMEWORK_HEADER = YES;
				CLANG_WARN_RANGE_LOOP_ANALYSIS = YES;
				CLANG_WARN_STRICT_PROTOTYPES = YES;
				CLANG_WARN_SUSPICIOUS_MOVE = YES;
				CLANG_WARN_UNGUARDED_AVAILABILITY = YES_AGGRESSIVE;
				CLANG_WARN_UNREACHABLE_CODE = YES;
				CLANG_WARN__DUPLICATE_METHOD_MATCH = YES;
				COPY_PHASE_STRIP = NO;
				DEBUG_INFORMATION_FORMAT = "dwarf-with-dsym";
				ENABLE_NS_ASSERTIONS = NO;
				ENABLE_STRICT_OBJC_MSGSEND = YES;
				GCC_C_LANGUAGE_STANDARD = gnu11;
				GCC_NO_COMMON_BLOCKS = YES;
				GCC_WARN_64_TO_32_BIT_CONVERSION = YES;
				GCC_WARN_ABOUT_RETURN_TYPE = YES_ERROR;
				GCC_WARN_UNDECLARED_SELECTOR = YES;
				GCC_WARN_UNINITIALIZED_AUTOS = YES_AGGRESSIVE;
				GCC_WARN_UNUSED_FUNCTION = YES;
				GCC_WARN_UNUSED_VARIABLE = YES;
				IPHONEOS_DEPLOYMENT_TARGET = 16.2;
				MTL_ENABLE_DEBUG_INFO = NO;
				MTL_FAST_MATH = YES;
				SDKROOT = iphoneos;
				SWIFT_COMPILATION_MODE = wholemodule;
				SWIFT_OPTIMIZATION_LEVEL = "-O";
				VALIDATE_PRODUCT = YES;
			};
			name = Release;
		};
		EC1FF4EE29984F31007A589E /* Debug */ = {
			isa = XCBuildConfiguration;
			buildSettings = {
				ALWAYS_EMBED_SWIFT_STANDARD_LIBRARIES = YES;
				ASSETCATALOG_COMPILER_APPICON_NAME = AppIcon;
				ASSETCATALOG_COMPILER_GLOBAL_ACCENT_COLOR_NAME = AccentColor;
				CODE_SIGN_STYLE = Automatic;
				CURRENT_PROJECT_VERSION = 1;
				DEVELOPMENT_TEAM = 6RRYH7RTN7;
				GENERATE_INFOPLIST_FILE = YES;
				INFOPLIST_FILE = Navigation/Info.plist;
				INFOPLIST_KEY_UIApplicationSupportsIndirectInputEvents = YES;
				INFOPLIST_KEY_UILaunchStoryboardName = LaunchScreen;
				INFOPLIST_KEY_UISupportedInterfaceOrientations_iPad = "UIInterfaceOrientationPortrait UIInterfaceOrientationPortraitUpsideDown UIInterfaceOrientationLandscapeLeft UIInterfaceOrientationLandscapeRight";
				INFOPLIST_KEY_UISupportedInterfaceOrientations_iPhone = "UIInterfaceOrientationPortrait UIInterfaceOrientationLandscapeLeft UIInterfaceOrientationLandscapeRight";
				LD_RUNPATH_SEARCH_PATHS = (
					"$(inherited)",
					"@executable_path/Frameworks",
				);
				MARKETING_VERSION = 1.0;
				PRODUCT_BUNDLE_IDENTIFIER = lyapin.dev.Navigation;
				PRODUCT_NAME = "$(TARGET_NAME)";
				SWIFT_EMIT_LOC_STRINGS = YES;
				SWIFT_VERSION = 5.0;
				TARGETED_DEVICE_FAMILY = "1,2";
			};
			name = Debug;
		};
		EC1FF4EF29984F31007A589E /* Release */ = {
			isa = XCBuildConfiguration;
			buildSettings = {
				ALWAYS_EMBED_SWIFT_STANDARD_LIBRARIES = YES;
				ASSETCATALOG_COMPILER_APPICON_NAME = AppIcon;
				ASSETCATALOG_COMPILER_GLOBAL_ACCENT_COLOR_NAME = AccentColor;
				CODE_SIGN_STYLE = Automatic;
				CURRENT_PROJECT_VERSION = 1;
				DEVELOPMENT_TEAM = 6RRYH7RTN7;
				GENERATE_INFOPLIST_FILE = YES;
				INFOPLIST_FILE = Navigation/Info.plist;
				INFOPLIST_KEY_UIApplicationSupportsIndirectInputEvents = YES;
				INFOPLIST_KEY_UILaunchStoryboardName = LaunchScreen;
				INFOPLIST_KEY_UISupportedInterfaceOrientations_iPad = "UIInterfaceOrientationPortrait UIInterfaceOrientationPortraitUpsideDown UIInterfaceOrientationLandscapeLeft UIInterfaceOrientationLandscapeRight";
				INFOPLIST_KEY_UISupportedInterfaceOrientations_iPhone = "UIInterfaceOrientationPortrait UIInterfaceOrientationLandscapeLeft UIInterfaceOrientationLandscapeRight";
				LD_RUNPATH_SEARCH_PATHS = (
					"$(inherited)",
					"@executable_path/Frameworks",
				);
				MARKETING_VERSION = 1.0;
				PRODUCT_BUNDLE_IDENTIFIER = lyapin.dev.Navigation;
				PRODUCT_NAME = "$(TARGET_NAME)";
				SWIFT_EMIT_LOC_STRINGS = YES;
				SWIFT_VERSION = 5.0;
				TARGETED_DEVICE_FAMILY = "1,2";
			};
			name = Release;
		};
		EC650C4D29DB55BE00BF938E /* Debug */ = {
			isa = XCBuildConfiguration;
			buildSettings = {
				CODE_SIGN_STYLE = Automatic;
				CURRENT_PROJECT_VERSION = 1;
				DEFINES_MODULE = YES;
				DEVELOPMENT_TEAM = 6RRYH7RTN7;
				DYLIB_COMPATIBILITY_VERSION = 1;
				DYLIB_CURRENT_VERSION = 1;
				DYLIB_INSTALL_NAME_BASE = "@rpath";
				GENERATE_INFOPLIST_FILE = YES;
				INFOPLIST_KEY_NSHumanReadableCopyright = "";
				INSTALL_PATH = "$(LOCAL_LIBRARY_DIR)/Frameworks";
				LD_RUNPATH_SEARCH_PATHS = (
					"$(inherited)",
					"@executable_path/Frameworks",
					"@loader_path/Frameworks",
				);
				MARKETING_VERSION = 1.0;
				PRODUCT_BUNDLE_IDENTIFIER = lyapin.dev.StorageService;
				PRODUCT_NAME = "$(TARGET_NAME:c99extidentifier)";
				SKIP_INSTALL = YES;
				SWIFT_EMIT_LOC_STRINGS = YES;
				SWIFT_VERSION = 5.0;
				TARGETED_DEVICE_FAMILY = "1,2";
				VERSIONING_SYSTEM = "apple-generic";
				VERSION_INFO_PREFIX = "";
			};
			name = Debug;
		};
		EC650C4E29DB55BE00BF938E /* Release */ = {
			isa = XCBuildConfiguration;
			buildSettings = {
				CODE_SIGN_STYLE = Automatic;
				CURRENT_PROJECT_VERSION = 1;
				DEFINES_MODULE = YES;
				DEVELOPMENT_TEAM = 6RRYH7RTN7;
				DYLIB_COMPATIBILITY_VERSION = 1;
				DYLIB_CURRENT_VERSION = 1;
				DYLIB_INSTALL_NAME_BASE = "@rpath";
				GENERATE_INFOPLIST_FILE = YES;
				INFOPLIST_KEY_NSHumanReadableCopyright = "";
				INSTALL_PATH = "$(LOCAL_LIBRARY_DIR)/Frameworks";
				LD_RUNPATH_SEARCH_PATHS = (
					"$(inherited)",
					"@executable_path/Frameworks",
					"@loader_path/Frameworks",
				);
				MARKETING_VERSION = 1.0;
				PRODUCT_BUNDLE_IDENTIFIER = lyapin.dev.StorageService;
				PRODUCT_NAME = "$(TARGET_NAME:c99extidentifier)";
				SKIP_INSTALL = YES;
				SWIFT_EMIT_LOC_STRINGS = YES;
				SWIFT_VERSION = 5.0;
				TARGETED_DEVICE_FAMILY = "1,2";
				VERSIONING_SYSTEM = "apple-generic";
				VERSION_INFO_PREFIX = "";
			};
			name = Release;
		};
/* End XCBuildConfiguration section */

/* Begin XCConfigurationList section */
		EC1FF4D429984F30007A589E /* Build configuration list for PBXProject "Navigation" */ = {
			isa = XCConfigurationList;
			buildConfigurations = (
				EC1FF4EB29984F31007A589E /* Debug */,
				EC1FF4EC29984F31007A589E /* Release */,
			);
			defaultConfigurationIsVisible = 0;
			defaultConfigurationName = Release;
		};
		EC1FF4ED29984F31007A589E /* Build configuration list for PBXNativeTarget "Navigation" */ = {
			isa = XCConfigurationList;
			buildConfigurations = (
				EC1FF4EE29984F31007A589E /* Debug */,
				EC1FF4EF29984F31007A589E /* Release */,
			);
			defaultConfigurationIsVisible = 0;
			defaultConfigurationName = Release;
		};
		EC650C4F29DB55BE00BF938E /* Build configuration list for PBXNativeTarget "StorageService" */ = {
			isa = XCConfigurationList;
			buildConfigurations = (
				EC650C4D29DB55BE00BF938E /* Debug */,
				EC650C4E29DB55BE00BF938E /* Release */,
			);
			defaultConfigurationIsVisible = 0;
			defaultConfigurationName = Release;
		};
/* End XCConfigurationList section */

/* Begin XCRemoteSwiftPackageReference section */
		ECFCC60B29F04DA2003C4D4A /* XCRemoteSwiftPackageReference "iOSIntPackage" */ = {
			isa = XCRemoteSwiftPackageReference;
			repositoryURL = "https://github.com/TrueMax/iOSIntPackage.git";
			requirement = {
				branch = imagepublisher;
				kind = branch;
			};
		};
/* End XCRemoteSwiftPackageReference section */

/* Begin XCSwiftPackageProductDependency section */
		ECFCC60C29F04DA2003C4D4A /* iOSIntPackage */ = {
			isa = XCSwiftPackageProductDependency;
			package = ECFCC60B29F04DA2003C4D4A /* XCRemoteSwiftPackageReference "iOSIntPackage" */;
			productName = iOSIntPackage;
		};
/* End XCSwiftPackageProductDependency section */
	};
	rootObject = EC1FF4D129984F30007A589E /* Project object */;
}
